
Microsoft Visual Studio Solution File, Format Version 12.00
# Visual Studio Version 16
VisualStudioVersion = 16.0.31005.135
MinimumVisualStudioVersion = 15.0.26124.0
Project("{2150E333-8FDC-42A3-9474-1A3956D46DE8}") = "domain", "domain", "{349F56D3-005B-4B92-A134-508ADC82AB60}"
EndProject
Project("{9A19103F-16F7-4668-BE54-9A1E7A4F7556}") = "BookShop", "domain\BookShop\BookShop.csproj", "{06B04089-6FAB-40CB-884C-69707A564E76}"
EndProject
Project("{2150E333-8FDC-42A3-9474-1A3956D46DE8}") = "infrastructure", "infrastructure", "{FE153C70-F00A-4106-A701-F9F26F37CA5A}"
EndProject
Project("{FAE04EC0-301F-11D3-BF4B-00C04F79EFBC}") = "BookShop.Memory", "infrastructure\BookShop.Memory\BookShop.Memory.csproj", "{D290D46F-C6DB-44C6-9C5B-9B55F0A618BA}"
EndProject
Project("{2150E333-8FDC-42A3-9474-1A3956D46DE8}") = "presentation", "presentation", "{15193510-7695-491B-BDBA-0DCFC7AD42C1}"
EndProject
Project("{FAE04EC0-301F-11D3-BF4B-00C04F79EFBC}") = "BookShop.Web", "presentation\BookShop.Web\BookShop.Web.csproj", "{C0908416-AE06-4154-8A48-D3BDF8043648}"
EndProject
Global
	GlobalSection(SolutionConfigurationPlatforms) = preSolution
		Debug|Any CPU = Debug|Any CPU
		Debug|x64 = Debug|x64
		Debug|x86 = Debug|x86
		Release|Any CPU = Release|Any CPU
		Release|x64 = Release|x64
		Release|x86 = Release|x86
	EndGlobalSection
	GlobalSection(ProjectConfigurationPlatforms) = postSolution
		{06B04089-6FAB-40CB-884C-69707A564E76}.Debug|Any CPU.ActiveCfg = Debug|Any CPU
		{06B04089-6FAB-40CB-884C-69707A564E76}.Debug|Any CPU.Build.0 = Debug|Any CPU
		{06B04089-6FAB-40CB-884C-69707A564E76}.Debug|x64.ActiveCfg = Debug|Any CPU
		{06B04089-6FAB-40CB-884C-69707A564E76}.Debug|x64.Build.0 = Debug|Any CPU
		{06B04089-6FAB-40CB-884C-69707A564E76}.Debug|x86.ActiveCfg = Debug|Any CPU
		{06B04089-6FAB-40CB-884C-69707A564E76}.Debug|x86.Build.0 = Debug|Any CPU
		{06B04089-6FAB-40CB-884C-69707A564E76}.Release|Any CPU.ActiveCfg = Release|Any CPU
		{06B04089-6FAB-40CB-884C-69707A564E76}.Release|Any CPU.Build.0 = Release|Any CPU
		{06B04089-6FAB-40CB-884C-69707A564E76}.Release|x64.ActiveCfg = Release|Any CPU
		{06B04089-6FAB-40CB-884C-69707A564E76}.Release|x64.Build.0 = Release|Any CPU
		{06B04089-6FAB-40CB-884C-69707A564E76}.Release|x86.ActiveCfg = Release|Any CPU
		{06B04089-6FAB-40CB-884C-69707A564E76}.Release|x86.Build.0 = Release|Any CPU
		{D290D46F-C6DB-44C6-9C5B-9B55F0A618BA}.Debug|Any CPU.ActiveCfg = Debug|Any CPU
		{D290D46F-C6DB-44C6-9C5B-9B55F0A618BA}.Debug|Any CPU.Build.0 = Debug|Any CPU
		{D290D46F-C6DB-44C6-9C5B-9B55F0A618BA}.Debug|x64.ActiveCfg = Debug|Any CPU
		{D290D46F-C6DB-44C6-9C5B-9B55F0A618BA}.Debug|x64.Build.0 = Debug|Any CPU
		{D290D46F-C6DB-44C6-9C5B-9B55F0A618BA}.Debug|x86.ActiveCfg = Debug|Any CPU
		{D290D46F-C6DB-44C6-9C5B-9B55F0A618BA}.Debug|x86.Build.0 = Debug|Any CPU
		{D290D46F-C6DB-44C6-9C5B-9B55F0A618BA}.Release|Any CPU.ActiveCfg = Release|Any CPU
		{D290D46F-C6DB-44C6-9C5B-9B55F0A618BA}.Release|Any CPU.Build.0 = Release|Any CPU
		{D290D46F-C6DB-44C6-9C5B-9B55F0A618BA}.Release|x64.ActiveCfg = Release|Any CPU
		{D290D46F-C6DB-44C6-9C5B-9B55F0A618BA}.Release|x64.Build.0 = Release|Any CPU
		{D290D46F-C6DB-44C6-9C5B-9B55F0A618BA}.Release|x86.ActiveCfg = Release|Any CPU
		{D290D46F-C6DB-44C6-9C5B-9B55F0A618BA}.Release|x86.Build.0 = Release|Any CPU
		{C0908416-AE06-4154-8A48-D3BDF8043648}.Debug|Any CPU.ActiveCfg = Debug|Any CPU
		{C0908416-AE06-4154-8A48-D3BDF8043648}.Debug|Any CPU.Build.0 = Debug|Any CPU
		{C0908416-AE06-4154-8A48-D3BDF8043648}.Debug|x64.ActiveCfg = Debug|Any CPU
		{C0908416-AE06-4154-8A48-D3BDF8043648}.Debug|x64.Build.0 = Debug|Any CPU
		{C0908416-AE06-4154-8A48-D3BDF8043648}.Debug|x86.ActiveCfg = Debug|Any CPU
		{C0908416-AE06-4154-8A48-D3BDF8043648}.Debug|x86.Build.0 = Debug|Any CPU
		{C0908416-AE06-4154-8A48-D3BDF8043648}.Release|Any CPU.ActiveCfg = Release|Any CPU
		{C0908416-AE06-4154-8A48-D3BDF8043648}.Release|Any CPU.Build.0 = Release|Any CPU
		{C0908416-AE06-4154-8A48-D3BDF8043648}.Release|x64.ActiveCfg = Release|Any CPU
		{C0908416-AE06-4154-8A48-D3BDF8043648}.Release|x64.Build.0 = Release|Any CPU
		{C0908416-AE06-4154-8A48-D3BDF8043648}.Release|x86.ActiveCfg = Release|Any CPU
		{C0908416-AE06-4154-8A48-D3BDF8043648}.Release|x86.Build.0 = Release|Any CPU
	EndGlobalSection
	GlobalSection(SolutionProperties) = preSolution
		HideSolutionNode = FALSE
	EndGlobalSection
	GlobalSection(NestedProjects) = preSolution
		{06B04089-6FAB-40CB-884C-69707A564E76} = {349F56D3-005B-4B92-A134-508ADC82AB60}
		{D290D46F-C6DB-44C6-9C5B-9B55F0A618BA} = {FE153C70-F00A-4106-A701-F9F26F37CA5A}
		{C0908416-AE06-4154-8A48-D3BDF8043648} = {15193510-7695-491B-BDBA-0DCFC7AD42C1}
	EndGlobalSection
	GlobalSection(ExtensibilityGlobals) = postSolution
		SolutionGuid = {3B361041-2981-457E-810A-27565F11CAE9}
	EndGlobalSection
EndGlobal
